// !$*UTF8*$!
{
	archiveVersion = 1;
	classes = {
	};
	objectVersion = 46;
	objects = {

/* Begin PBXBuildFile section */
		4CA52F2D1A1F9CDA00C1D88D /* main.cpp in Sources */ = {isa = PBXBuildFile; fileRef = 4CA52F2C1A1F9CDA00C1D88D /* main.cpp */; };
/* End PBXBuildFile section */

/* Begin PBXCopyFilesBuildPhase section */
		4CA52F271A1F9CDA00C1D88D /* CopyFiles */ = {
			isa = PBXCopyFilesBuildPhase;
			buildActionMask = 2147483647;
			dstPath = /usr/share/man/man1/;
			dstSubfolderSpec = 0;
			files = (
			);
			runOnlyForDeploymentPostprocessing = 1;
		};
/* End PBXCopyFilesBuildPhase section */

/* Begin PBXFileReference section */
		4CA52F291A1F9CDA00C1D88D /* ghf3-4_urallomas */ = {isa = PBXFileReference; explicitFileType = "compiled.mach-o.executable"; includeInIndex = 0; path = "ghf3-4_urallomas"; sourceTree = BUILT_PRODUCTS_DIR; };
		4CA52F2C1A1F9CDA00C1D88D /* main.cpp */ = {isa = PBXFileReference; lastKnownFileType = sourcecode.cpp.cpp; path = main.cpp; sourceTree = "<group>"; };
/* End PBXFileReference section */

/* Begin PBXFrameworksBuildPhase section */
		4CA52F261A1F9CDA00C1D88D /* Frameworks */ = {
			isa = PBXFrameworksBuildPhase;
			buildActionMask = 2147483647;
			files = (
			);
			runOnlyForDeploymentPostprocessing = 0;
		};
/* End PBXFrameworksBuildPhase section */

/* Begin PBXGroup section */
		4CA52F201A1F9CDA00C1D88D = {
			isa = PBXGroup;
			children = (
				4CA52F2B1A1F9CDA00C1D88D /* ghf3-4_urallomas */,
				4CA52F2A1A1F9CDA00C1D88D /* Products */,
			);
			sourceTree = "<group>";
		};
		4CA52F2A1A1F9CDA00C1D88D /* Products */ = {
			isa = PBXGroup;
			children = (
				4CA52F291A1F9CDA00C1D88D /* ghf3-4_urallomas */,
			);
			name = Products;
			sourceTree = "<group>";
		};
		4CA52F2B1A1F9CDA00C1D88D /* ghf3-4_urallomas */ = {
			isa = PBXGroup;
			children = (
				4CA52F2C1A1F9CDA00C1D88D /* main.cpp */,
			);
			path = "ghf3-4_urallomas";
			sourceTree = "<group>";
		};
/* End PBXGroup section */

/* Begin PBXNativeTarget section */
		4CA52F281A1F9CDA00C1D88D /* ghf3-4_urallomas */ = {
			isa = PBXNativeTarget;
			buildConfigurationList = 4CA52F301A1F9CDA00C1D88D /* Build configuration list for PBXNativeTarget "ghf3-4_urallomas" */;
			buildPhases = (
				4CA52F251A1F9CDA00C1D88D /* Sources */,
				4CA52F261A1F9CDA00C1D88D /* Frameworks */,
				4CA52F271A1F9CDA00C1D88D /* CopyFiles */,
			);
			buildRules = (
			);
			dependencies = (
			);
			name = "ghf3-4_urallomas";
			productName = "ghf3-4_urallomas";
			productReference = 4CA52F291A1F9CDA00C1D88D /* ghf3-4_urallomas */;
			productType = "com.apple.product-type.tool";
		};
/* End PBXNativeTarget section */

/* Begin PBXProject section */
		4CA52F211A1F9CDA00C1D88D /* Project object */ = {
			isa = PBXProject;
			attributes = {
				LastUpgradeCheck = 0610;
				ORGANIZATIONNAME = "Szupera Zita";
				TargetAttributes = {
					4CA52F281A1F9CDA00C1D88D = {
						CreatedOnToolsVersion = 6.1;
					};
				};
			};
			buildConfigurationList = 4CA52F241A1F9CDA00C1D88D /* Build configuration list for PBXProject "ghf3-4_urallomas" */;
			compatibilityVersion = "Xcode 3.2";
			developmentRegion = English;
			hasScannedForEncodings = 0;
			knownRegions = (
				en,
			);
			mainGroup = 4CA52F201A1F9CDA00C1D88D;
			productRefGroup = 4CA52F2A1A1F9CDA00C1D88D /* Products */;
			projectDirPath = "";
			projectRoot = "";
			targets = (
				4CA52F281A1F9CDA00C1D88D /* ghf3-4_urallomas */,
			);
		};
/* End PBXProject section */

/* Begin PBXSourcesBuildPhase section */
		4CA52F251A1F9CDA00C1D88D /* Sources */ = {
			isa = PBXSourcesBuildPhase;
			buildActionMask = 2147483647;
			files = (
				4CA52F2D1A1F9CDA00C1D88D /* main.cpp in Sources */,
			);
			runOnlyForDeploymentPostprocessing = 0;
		};
/* End PBXSourcesBuildPhase section */

/* Begin XCBuildConfiguration section */
		4CA52F2E1A1F9CDA00C1D88D /* Debug */ = {
			isa = XCBuildConfiguration;
			buildSettings = {
				ALWAYS_SEARCH_USER_PATHS = NO;
				CLANG_CXX_LANGUAGE_STANDARD = "gnu++0x";
				CLANG_CXX_LIBRARY = "libc++";
				CLANG_ENABLE_MODULES = YES;
				CLANG_ENABLE_OBJC_ARC = YES;
				CLANG_WARN_BOOL_CONVERSION = YES;
				CLANG_WARN_CONSTANT_CONVERSION = YES;
				CLANG_WARN_DIRECT_OBJC_ISA_USAGE = YES_ERROR;
				CLANG_WARN_EMPTY_BODY = YES;
				CLANG_WARN_ENUM_CONVERSION = YES;
				CLANG_WARN_INT_CONVERSION = YES;
				CLANG_WARN_OBJC_ROOT_CLASS = YES_ERROR;
				CLANG_WARN_UNREACHABLE_CODE = YES;
				CLANG_WARN__DUPLICATE_METHOD_MATCH = YES;
				COPY_PHASE_STRIP = NO;
				ENABLE_STRICT_OBJC_MSGSEND = YES;
				GCC_C_LANGUAGE_STANDARD = gnu99;
				GCC_DYNAMIC_NO_PIC = NO;
				GCC_OPTIMIZATION_LEVEL = 0;
				GCC_PREPROCESSOR_DEFINITIONS = (
					"DEBUG=1",
					"$(inherited)",
				);
				GCC_SYMBOLS_PRIVATE_EXTERN = NO;
				GCC_WARN_64_TO_32_BIT_CONVERSION = YES;
				GCC_WARN_ABOUT_RETURN_TYPE = YES_ERROR;
				GCC_WARN_UNDECLARED_SELECTOR = YES;
				GCC_WARN_UNINITIALIZED_AUTOS = YES_AGGRESSIVE;
				GCC_WARN_UNUSED_FUNCTION = YES;
				GCC_WARN_UNUSED_VARIABLE = YES;
				MACOSX_DEPLOYMENT_TARGET = 10.10;
				MTL_ENABLE_DEBUG_INFO = YES;
				ONLY_ACTIVE_ARCH = YES;
				SDKROOT = macosx;
			};
			name = Debug;
		};
		4CA52F2F1A1F9CDA00C1D88D /* Release */ = {
			isa = XCBuildConfiguration;
			buildSettings = {
				ALWAYS_SEARCH_USER_PATHS = NO;
				CLANG_CXX_LANGUAGE_STANDARD = "gnu++0x";
				CLANG_CXX_LIBRARY = "libc++";
				CLANG_ENABLE_MODULES = YES;
				CLANG_ENABLE_OBJC_ARC = YES;
				CLANG_WARN_BOOL_CONVERSION = YES;
				CLANG_WARN_CONSTANT_CONVERSION = YES;
				CLANG_WARN_DIRECT_OBJC_ISA_USAGE = YES_ERROR;
				CLANG_WARN_EMPTY_BODY = YES;
				CLANG_WARN_ENUM_CONVERSION = YES;
				CLANG_WARN_INT_CONVERSION = YES;
				CLANG_WARN_OBJC_ROOT_CLASS = YES_ERROR;
				CLANG_WARN_UNREACHABLE_CODE = YES;
				CLANG_WARN__DUPLICATE_METHOD_MATCH = YES;
				COPY_PHASE_STRIP = YES;
				DEBUG_INFORMATION_FORMAT = "dwarf-with-dsym";
				ENABLE_NS_ASSERTIONS = NO;
				ENABLE_STRICT_OBJC_MSGSEND = YES;
				GCC_C_LANGUAGE_STANDARD = gnu99;
				GCC_WARN_64_TO_32_BIT_CONVERSION = YES;
				GCC_WARN_ABOUT_RETURN_TYPE = YES_ERROR;
				GCC_WARN_UNDECLARED_SELECTOR = YES;
				GCC_WARN_UNINITIALIZED_AUTOS = YES_AGGRESSIVE;
				GCC_WARN_UNUSED_FUNCTION = YES;
				GCC_WARN_UNUSED_VARIABLE = YES;
				MACOSX_DEPLOYMENT_TARGET = 10.10;
				MTL_ENABLE_DEBUG_INFO = NO;
				SDKROOT = macosx;
			};
			name = Release;
		};
		4CA52F311A1F9CDA00C1D88D /* Debug */ = {
			isa = XCBuildConfiguration;
			buildSettings = {
				PRODUCT_NAME = "$(TARGET_NAME)";
			};
			name = Debug;
		};
		4CA52F321A1F9CDA00C1D88D /* Release */ = {
			isa = XCBuildConfiguration;
			buildSettings = {
				PRODUCT_NAME = "$(TARGET_NAME)";
			};
			name = Release;
		};
/* End XCBuildConfiguration section */

/* Begin XCConfigurationList section */
		4CA52F241A1F9CDA00C1D88D /* Build configuration list for PBXProject "ghf3-4_urallomas" */ = {
			isa = XCConfigurationList;
			buildConfigurations = (
				4CA52F2E1A1F9CDA00C1D88D /* Debug */,
				4CA52F2F1A1F9CDA00C1D88D /* Release */,
			);
			defaultConfigurationIsVisible = 0;
			defaultConfigurationName = Release;
		};
		4CA52F301A1F9CDA00C1D88D /* Build configuration list for PBXNativeTarget "ghf3-4_urallomas" */ = {
			isa = XCConfigurationList;
			buildConfigurations = (
				4CA52F311A1F9CDA00C1D88D /* Debug */,
				4CA52F321A1F9CDA00C1D88D /* Release */,
			);
			defaultConfigurationIsVisible = 0;
		};
/* End XCConfigurationList section */
	};
	rootObject = 4CA52F211A1F9CDA00C1D88D /* Project object */;
}
